// !$*UTF8*$!
{
	archiveVersion = 1;
	classes = {
	};
	objectVersion = 46;
	objects = {

/* Begin PBXBuildFile section */
		6818D03A19FE99CE00E70E15 /* main.m in Sources */ = {isa = PBXBuildFile; fileRef = 6818D03919FE99CE00E70E15 /* main.m */; };
		6818D03D19FE99CE00E70E15 /* AppDelegate.m in Sources */ = {isa = PBXBuildFile; fileRef = 6818D03C19FE99CE00E70E15 /* AppDelegate.m */; };
		6818D04019FE99CE00E70E15 /* ViewController.m in Sources */ = {isa = PBXBuildFile; fileRef = 6818D03F19FE99CE00E70E15 /* ViewController.m */; };
		6818D04319FE99CE00E70E15 /* Main.storyboard in Resources */ = {isa = PBXBuildFile; fileRef = 6818D04119FE99CE00E70E15 /* Main.storyboard */; };
		6818D04519FE99CE00E70E15 /* Images.xcassets in Resources */ = {isa = PBXBuildFile; fileRef = 6818D04419FE99CE00E70E15 /* Images.xcassets */; };
		6818D04819FE99CE00E70E15 /* LaunchScreen.xib in Resources */ = {isa = PBXBuildFile; fileRef = 6818D04619FE99CE00E70E15 /* LaunchScreen.xib */; };
		6818D05419FE99CE00E70E15 /* Pirate_AdventuresTests.m in Sources */ = {isa = PBXBuildFile; fileRef = 6818D05319FE99CE00E70E15 /* Pirate_AdventuresTests.m */; };
		6818D05F19FE9A3700E70E15 /* Tile.m in Sources */ = {isa = PBXBuildFile; fileRef = 6818D05E19FE9A3700E70E15 /* Tile.m */; };
		6818D06C19FE9B2600E70E15 /* PirateTreasurer2.jpeg in Resources */ = {isa = PBXBuildFile; fileRef = 6818D06019FE9B2600E70E15 /* PirateTreasurer2.jpeg */; };
		6818D06D19FE9B2600E70E15 /* PirateTreasure.jpeg in Resources */ = {isa = PBXBuildFile; fileRef = 6818D06119FE9B2600E70E15 /* PirateTreasure.jpeg */; };
		6818D06E19FE9B2600E70E15 /* PirateWeapons.jpeg in Resources */ = {isa = PBXBuildFile; fileRef = 6818D06219FE9B2600E70E15 /* PirateWeapons.jpeg */; };
		6818D06F19FE9B2600E70E15 /* PirateAttack.jpg in Resources */ = {isa = PBXBuildFile; fileRef = 6818D06319FE9B2600E70E15 /* PirateAttack.jpg */; };
		6818D07019FE9B2600E70E15 /* PirateBlacksmith.jpeg in Resources */ = {isa = PBXBuildFile; fileRef = 6818D06419FE9B2600E70E15 /* PirateBlacksmith.jpeg */; };
		6818D07119FE9B2600E70E15 /* PirateBoss.jpeg in Resources */ = {isa = PBXBuildFile; fileRef = 6818D06519FE9B2600E70E15 /* PirateBoss.jpeg */; };
		6818D07219FE9B2600E70E15 /* PirateFriendlyDock.jpg in Resources */ = {isa = PBXBuildFile; fileRef = 6818D06619FE9B2600E70E15 /* PirateFriendlyDock.jpg */; };
		6818D07319FE9B2600E70E15 /* PirateOctopusAttack.jpg in Resources */ = {isa = PBXBuildFile; fileRef = 6818D06719FE9B2600E70E15 /* PirateOctopusAttack.jpg */; };
		6818D07419FE9B2600E70E15 /* PirateParrot.jpg in Resources */ = {isa = PBXBuildFile; fileRef = 6818D06819FE9B2600E70E15 /* PirateParrot.jpg */; };
		6818D07519FE9B2600E70E15 /* PiratePlank.jpg in Resources */ = {isa = PBXBuildFile; fileRef = 6818D06919FE9B2600E70E15 /* PiratePlank.jpg */; };
		6818D07619FE9B2600E70E15 /* PirateShipBattle.jpeg in Resources */ = {isa = PBXBuildFile; fileRef = 6818D06A19FE9B2600E70E15 /* PirateShipBattle.jpeg */; };
		6818D07719FE9B2600E70E15 /* PirateStart.jpg in Resources */ = {isa = PBXBuildFile; fileRef = 6818D06B19FE9B2600E70E15 /* PirateStart.jpg */; };
		6818D07A1A003A9000E70E15 /* Factory.m in Sources */ = {isa = PBXBuildFile; fileRef = 6818D0791A003A9000E70E15 /* Factory.m */; };
		6822A4711AD53AAF00DC4954 /* down_arrow.png in Resources */ = {isa = PBXBuildFile; fileRef = 6822A46D1AD53AAF00DC4954 /* down_arrow.png */; };
		6822A4721AD53AAF00DC4954 /* Left_Arrow.png in Resources */ = {isa = PBXBuildFile; fileRef = 6822A46E1AD53AAF00DC4954 /* Left_Arrow.png */; };
		6822A4731AD53AAF00DC4954 /* right_arrow.png in Resources */ = {isa = PBXBuildFile; fileRef = 6822A46F1AD53AAF00DC4954 /* right_arrow.png */; };
		6822A4741AD53AAF00DC4954 /* up_arrow.png in Resources */ = {isa = PBXBuildFile; fileRef = 6822A4701AD53AAF00DC4954 /* up_arrow.png */; };
		68EBD82F1AD59B8C00A98174 /* Character.m in Sources */ = {isa = PBXBuildFile; fileRef = 68EBD82E1AD59B8C00A98174 /* Character.m */; };
		68EBD8321AD59C8800A98174 /* Weapon.m in Sources */ = {isa = PBXBuildFile; fileRef = 68EBD8311AD59C8800A98174 /* Weapon.m */; };
		68EBD8351AD59D5F00A98174 /* Armor.m in Sources */ = {isa = PBXBuildFile; fileRef = 68EBD8341AD59D5F00A98174 /* Armor.m */; };
		68EBD83D1AD6892D00A98174 /* actionButton.png in Resources */ = {isa = PBXBuildFile; fileRef = 68EBD83C1AD6892D00A98174 /* actionButton.png */; };
		68EBD8401AD7DBB700A98174 /* Boss.m in Sources */ = {isa = PBXBuildFile; fileRef = 68EBD83F1AD7DBB700A98174 /* Boss.m */; };
/* End PBXBuildFile section */

/* Begin PBXContainerItemProxy section */
		6818D04E19FE99CE00E70E15 /* PBXContainerItemProxy */ = {
			isa = PBXContainerItemProxy;
			containerPortal = 6818D02C19FE99CE00E70E15 /* Project object */;
			proxyType = 1;
			remoteGlobalIDString = 6818D03319FE99CE00E70E15;
			remoteInfo = "Pirate Adventures";
		};
/* End PBXContainerItemProxy section */

/* Begin PBXFileReference section */
		6818D03419FE99CE00E70E15 /* Pirate Adventures.app */ = {isa = PBXFileReference; explicitFileType = wrapper.application; includeInIndex = 0; path = "Pirate Adventures.app"; sourceTree = BUILT_PRODUCTS_DIR; };
		6818D03819FE99CE00E70E15 /* Info.plist */ = {isa = PBXFileReference; lastKnownFileType = text.plist.xml; path = Info.plist; sourceTree = "<group>"; };
		6818D03919FE99CE00E70E15 /* main.m */ = {isa = PBXFileReference; lastKnownFileType = sourcecode.c.objc; path = main.m; sourceTree = "<group>"; };
		6818D03B19FE99CE00E70E15 /* AppDelegate.h */ = {isa = PBXFileReference; lastKnownFileType = sourcecode.c.h; path = AppDelegate.h; sourceTree = "<group>"; };
		6818D03C19FE99CE00E70E15 /* AppDelegate.m */ = {isa = PBXFileReference; lastKnownFileType = sourcecode.c.objc; path = AppDelegate.m; sourceTree = "<group>"; };
		6818D03E19FE99CE00E70E15 /* ViewController.h */ = {isa = PBXFileReference; lastKnownFileType = sourcecode.c.h; path = ViewController.h; sourceTree = "<group>"; };
		6818D03F19FE99CE00E70E15 /* ViewController.m */ = {isa = PBXFileReference; lastKnownFileType = sourcecode.c.objc; path = ViewController.m; sourceTree = "<group>"; };
		6818D04219FE99CE00E70E15 /* Base */ = {isa = PBXFileReference; lastKnownFileType = file.storyboard; name = Base; path = Base.lproj/Main.storyboard; sourceTree = "<group>"; };
		6818D04419FE99CE00E70E15 /* Images.xcassets */ = {isa = PBXFileReference; lastKnownFileType = folder.assetcatalog; path = Images.xcassets; sourceTree = "<group>"; };
		6818D04719FE99CE00E70E15 /* Base */ = {isa = PBXFileReference; lastKnownFileType = file.xib; name = Base; path = Base.lproj/LaunchScreen.xib; sourceTree = "<group>"; };
		6818D04D19FE99CE00E70E15 /* Pirate AdventuresTests.xctest */ = {isa = PBXFileReference; explicitFileType = wrapper.cfbundle; includeInIndex = 0; path = "Pirate AdventuresTests.xctest"; sourceTree = BUILT_PRODUCTS_DIR; };
		6818D05219FE99CE00E70E15 /* Info.plist */ = {isa = PBXFileReference; lastKnownFileType = text.plist.xml; path = Info.plist; sourceTree = "<group>"; };
		6818D05319FE99CE00E70E15 /* Pirate_AdventuresTests.m */ = {isa = PBXFileReference; lastKnownFileType = sourcecode.c.objc; path = Pirate_AdventuresTests.m; sourceTree = "<group>"; };
		6818D05D19FE9A3700E70E15 /* Tile.h */ = {isa = PBXFileReference; fileEncoding = 4; lastKnownFileType = sourcecode.c.h; path = Tile.h; sourceTree = "<group>"; };
		6818D05E19FE9A3700E70E15 /* Tile.m */ = {isa = PBXFileReference; fileEncoding = 4; lastKnownFileType = sourcecode.c.objc; path = Tile.m; sourceTree = "<group>"; };
		6818D06019FE9B2600E70E15 /* PirateTreasurer2.jpeg */ = {isa = PBXFileReference; lastKnownFileType = image.jpeg; path = PirateTreasurer2.jpeg; sourceTree = "<group>"; };
		6818D06119FE9B2600E70E15 /* PirateTreasure.jpeg */ = {isa = PBXFileReference; lastKnownFileType = image.jpeg; path = PirateTreasure.jpeg; sourceTree = "<group>"; };
		6818D06219FE9B2600E70E15 /* PirateWeapons.jpeg */ = {isa = PBXFileReference; lastKnownFileType = image.jpeg; path = PirateWeapons.jpeg; sourceTree = "<group>"; };
		6818D06319FE9B2600E70E15 /* PirateAttack.jpg */ = {isa = PBXFileReference; lastKnownFileType = image.jpeg; path = PirateAttack.jpg; sourceTree = "<group>"; };
		6818D06419FE9B2600E70E15 /* PirateBlacksmith.jpeg */ = {isa = PBXFileReference; lastKnownFileType = image.jpeg; path = PirateBlacksmith.jpeg; sourceTree = "<group>"; };
		6818D06519FE9B2600E70E15 /* PirateBoss.jpeg */ = {isa = PBXFileReference; lastKnownFileType = image.jpeg; path = PirateBoss.jpeg; sourceTree = "<group>"; };
		6818D06619FE9B2600E70E15 /* PirateFriendlyDock.jpg */ = {isa = PBXFileReference; lastKnownFileType = image.jpeg; path = PirateFriendlyDock.jpg; sourceTree = "<group>"; };
		6818D06719FE9B2600E70E15 /* PirateOctopusAttack.jpg */ = {isa = PBXFileReference; lastKnownFileType = image.jpeg; path = PirateOctopusAttack.jpg; sourceTree = "<group>"; };
		6818D06819FE9B2600E70E15 /* PirateParrot.jpg */ = {isa = PBXFileReference; lastKnownFileType = image.jpeg; path = PirateParrot.jpg; sourceTree = "<group>"; };
		6818D06919FE9B2600E70E15 /* PiratePlank.jpg */ = {isa = PBXFileReference; lastKnownFileType = image.jpeg; path = PiratePlank.jpg; sourceTree = "<group>"; };
		6818D06A19FE9B2600E70E15 /* PirateShipBattle.jpeg */ = {isa = PBXFileReference; lastKnownFileType = image.jpeg; path = PirateShipBattle.jpeg; sourceTree = "<group>"; };
		6818D06B19FE9B2600E70E15 /* PirateStart.jpg */ = {isa = PBXFileReference; lastKnownFileType = image.jpeg; path = PirateStart.jpg; sourceTree = "<group>"; };
		6818D0781A003A9000E70E15 /* Factory.h */ = {isa = PBXFileReference; fileEncoding = 4; lastKnownFileType = sourcecode.c.h; path = Factory.h; sourceTree = "<group>"; };
		6818D0791A003A9000E70E15 /* Factory.m */ = {isa = PBXFileReference; fileEncoding = 4; lastKnownFileType = sourcecode.c.objc; path = Factory.m; sourceTree = "<group>"; };
		6822A46D1AD53AAF00DC4954 /* down_arrow.png */ = {isa = PBXFileReference; lastKnownFileType = image.png; path = down_arrow.png; sourceTree = "<group>"; };
		6822A46E1AD53AAF00DC4954 /* Left_Arrow.png */ = {isa = PBXFileReference; lastKnownFileType = image.png; path = Left_Arrow.png; sourceTree = "<group>"; };
		6822A46F1AD53AAF00DC4954 /* right_arrow.png */ = {isa = PBXFileReference; lastKnownFileType = image.png; path = right_arrow.png; sourceTree = "<group>"; };
		6822A4701AD53AAF00DC4954 /* up_arrow.png */ = {isa = PBXFileReference; lastKnownFileType = image.png; path = up_arrow.png; sourceTree = "<group>"; };
		68EBD82D1AD59B8C00A98174 /* Character.h */ = {isa = PBXFileReference; fileEncoding = 4; lastKnownFileType = sourcecode.c.h; path = Character.h; sourceTree = "<group>"; };
		68EBD82E1AD59B8C00A98174 /* Character.m */ = {isa = PBXFileReference; fileEncoding = 4; lastKnownFileType = sourcecode.c.objc; path = Character.m; sourceTree = "<group>"; };
		68EBD8301AD59C8800A98174 /* Weapon.h */ = {isa = PBXFileReference; fileEncoding = 4; lastKnownFileType = sourcecode.c.h; path = Weapon.h; sourceTree = "<group>"; };
		68EBD8311AD59C8800A98174 /* Weapon.m */ = {isa = PBXFileReference; fileEncoding = 4; lastKnownFileType = sourcecode.c.objc; path = Weapon.m; sourceTree = "<group>"; };
		68EBD8331AD59D5F00A98174 /* Armor.h */ = {isa = PBXFileReference; fileEncoding = 4; lastKnownFileType = sourcecode.c.h; path = Armor.h; sourceTree = "<group>"; };
		68EBD8341AD59D5F00A98174 /* Armor.m */ = {isa = PBXFileReference; fileEncoding = 4; lastKnownFileType = sourcecode.c.objc; path = Armor.m; sourceTree = "<group>"; };
		68EBD83C1AD6892D00A98174 /* actionButton.png */ = {isa = PBXFileReference; lastKnownFileType = image.png; path = actionButton.png; sourceTree = "<group>"; };
		68EBD83E1AD7DBB700A98174 /* Boss.h */ = {isa = PBXFileReference; fileEncoding = 4; lastKnownFileType = sourcecode.c.h; path = Boss.h; sourceTree = "<group>"; };
		68EBD83F1AD7DBB700A98174 /* Boss.m */ = {isa = PBXFileReference; fileEncoding = 4; lastKnownFileType = sourcecode.c.objc; path = Boss.m; sourceTree = "<group>"; };
/* End PBXFileReference section */

/* Begin PBXFrameworksBuildPhase section */
		6818D03119FE99CE00E70E15 /* Frameworks */ = {
			isa = PBXFrameworksBuildPhase;
			buildActionMask = 2147483647;
			files = (
			);
			runOnlyForDeploymentPostprocessing = 0;
		};
		6818D04A19FE99CE00E70E15 /* Frameworks */ = {
			isa = PBXFrameworksBuildPhase;
			buildActionMask = 2147483647;
			files = (
			);
			runOnlyForDeploymentPostprocessing = 0;
		};
/* End PBXFrameworksBuildPhase section */

/* Begin PBXGroup section */
		6818D02B19FE99CE00E70E15 = {
			isa = PBXGroup;
			children = (
				6818D03619FE99CE00E70E15 /* Pirate Adventures */,
				6818D05019FE99CE00E70E15 /* Pirate AdventuresTests */,
				6818D03519FE99CE00E70E15 /* Products */,
			);
			sourceTree = "<group>";
		};
		6818D03519FE99CE00E70E15 /* Products */ = {
			isa = PBXGroup;
			children = (
				6818D03419FE99CE00E70E15 /* Pirate Adventures.app */,
				6818D04D19FE99CE00E70E15 /* Pirate AdventuresTests.xctest */,
			);
			name = Products;
			sourceTree = "<group>";
		};
		6818D03619FE99CE00E70E15 /* Pirate Adventures */ = {
			isa = PBXGroup;
			children = (
				6818D03B19FE99CE00E70E15 /* AppDelegate.h */,
				68EBD82D1AD59B8C00A98174 /* Character.h */,
				68EBD82E1AD59B8C00A98174 /* Character.m */,
				6818D03C19FE99CE00E70E15 /* AppDelegate.m */,
				6818D03E19FE99CE00E70E15 /* ViewController.h */,
				6818D03F19FE99CE00E70E15 /* ViewController.m */,
				6818D0781A003A9000E70E15 /* Factory.h */,
				6818D0791A003A9000E70E15 /* Factory.m */,
				6818D05D19FE9A3700E70E15 /* Tile.h */,
				6818D05E19FE9A3700E70E15 /* Tile.m */,
				68EBD8301AD59C8800A98174 /* Weapon.h */,
				68EBD8311AD59C8800A98174 /* Weapon.m */,
				68EBD8331AD59D5F00A98174 /* Armor.h */,
				68EBD8341AD59D5F00A98174 /* Armor.m */,
				6818D04119FE99CE00E70E15 /* Main.storyboard */,
				68EBD83E1AD7DBB700A98174 /* Boss.h */,
				68EBD83F1AD7DBB700A98174 /* Boss.m */,
				6818D04419FE99CE00E70E15 /* Images.xcassets */,
				6818D04619FE99CE00E70E15 /* LaunchScreen.xib */,
				6818D03719FE99CE00E70E15 /* Supporting Files */,
			);
			path = "Pirate Adventures";
			sourceTree = "<group>";
		};
		6818D03719FE99CE00E70E15 /* Supporting Files */ = {
			isa = PBXGroup;
			children = (
				6822A46D1AD53AAF00DC4954 /* down_arrow.png */,
				6822A46E1AD53AAF00DC4954 /* Left_Arrow.png */,
				6822A46F1AD53AAF00DC4954 /* right_arrow.png */,
				6822A4701AD53AAF00DC4954 /* up_arrow.png */,
				68EBD83C1AD6892D00A98174 /* actionButton.png */,
				6818D06019FE9B2600E70E15 /* PirateTreasurer2.jpeg */,
				6818D06119FE9B2600E70E15 /* PirateTreasure.jpeg */,
				6818D06219FE9B2600E70E15 /* PirateWeapons.jpeg */,
				6818D06319FE9B2600E70E15 /* PirateAttack.jpg */,
				6818D06419FE9B2600E70E15 /* PirateBlacksmith.jpeg */,
				6818D06519FE9B2600E70E15 /* PirateBoss.jpeg */,
				6818D06619FE9B2600E70E15 /* PirateFriendlyDock.jpg */,
				6818D06719FE9B2600E70E15 /* PirateOctopusAttack.jpg */,
				6818D06819FE9B2600E70E15 /* PirateParrot.jpg */,
				6818D06919FE9B2600E70E15 /* PiratePlank.jpg */,
				6818D06A19FE9B2600E70E15 /* PirateShipBattle.jpeg */,
				6818D06B19FE9B2600E70E15 /* PirateStart.jpg */,
				6818D03819FE99CE00E70E15 /* Info.plist */,
				6818D03919FE99CE00E70E15 /* main.m */,
			);
			name = "Supporting Files";
			sourceTree = "<group>";
		};
		6818D05019FE99CE00E70E15 /* Pirate AdventuresTests */ = {
			isa = PBXGroup;
			children = (
				6818D05319FE99CE00E70E15 /* Pirate_AdventuresTests.m */,
				6818D05119FE99CE00E70E15 /* Supporting Files */,
			);
			path = "Pirate AdventuresTests";
			sourceTree = "<group>";
		};
		6818D05119FE99CE00E70E15 /* Supporting Files */ = {
			isa = PBXGroup;
			children = (
				6818D05219FE99CE00E70E15 /* Info.plist */,
			);
			name = "Supporting Files";
			sourceTree = "<group>";
		};
/* End PBXGroup section */

/* Begin PBXNativeTarget section */
		6818D03319FE99CE00E70E15 /* Pirate Adventures */ = {
			isa = PBXNativeTarget;
			buildConfigurationList = 6818D05719FE99CE00E70E15 /* Build configuration list for PBXNativeTarget "Pirate Adventures" */;
			buildPhases = (
				6818D03019FE99CE00E70E15 /* Sources */,
				6818D03119FE99CE00E70E15 /* Frameworks */,
				6818D03219FE99CE00E70E15 /* Resources */,
			);
			buildRules = (
			);
			dependencies = (
			);
			name = "Pirate Adventures";
			productName = "Pirate Adventures";
			productReference = 6818D03419FE99CE00E70E15 /* Pirate Adventures.app */;
			productType = "com.apple.product-type.application";
		};
		6818D04C19FE99CE00E70E15 /* Pirate AdventuresTests */ = {
			isa = PBXNativeTarget;
			buildConfigurationList = 6818D05A19FE99CE00E70E15 /* Build configuration list for PBXNativeTarget "Pirate AdventuresTests" */;
			buildPhases = (
				6818D04919FE99CE00E70E15 /* Sources */,
				6818D04A19FE99CE00E70E15 /* Frameworks */,
				6818D04B19FE99CE00E70E15 /* Resources */,
			);
			buildRules = (
			);
			dependencies = (
				6818D04F19FE99CE00E70E15 /* PBXTargetDependency */,
			);
			name = "Pirate AdventuresTests";
			productName = "Pirate AdventuresTests";
			productReference = 6818D04D19FE99CE00E70E15 /* Pirate AdventuresTests.xctest */;
			productType = "com.apple.product-type.bundle.unit-test";
		};
/* End PBXNativeTarget section */

/* Begin PBXProject section */
		6818D02C19FE99CE00E70E15 /* Project object */ = {
			isa = PBXProject;
			attributes = {
				LastUpgradeCheck = 0610;
				ORGANIZATIONNAME = "My Projects";
				TargetAttributes = {
					6818D03319FE99CE00E70E15 = {
						CreatedOnToolsVersion = 6.1;
					};
					6818D04C19FE99CE00E70E15 = {
						CreatedOnToolsVersion = 6.1;
						TestTargetID = 6818D03319FE99CE00E70E15;
					};
				};
			};
			buildConfigurationList = 6818D02F19FE99CE00E70E15 /* Build configuration list for PBXProject "Pirate Adventures" */;
			compatibilityVersion = "Xcode 3.2";
			developmentRegion = English;
			hasScannedForEncodings = 0;
			knownRegions = (
				en,
				Base,
			);
			mainGroup = 6818D02B19FE99CE00E70E15;
			productRefGroup = 6818D03519FE99CE00E70E15 /* Products */;
			projectDirPath = "";
			projectRoot = "";
			targets = (
				6818D03319FE99CE00E70E15 /* Pirate Adventures */,
				6818D04C19FE99CE00E70E15 /* Pirate AdventuresTests */,
			);
		};
/* End PBXProject section */

/* Begin PBXResourcesBuildPhase section */
		6818D03219FE99CE00E70E15 /* Resources */ = {
			isa = PBXResourcesBuildPhase;
			buildActionMask = 2147483647;
			files = (
				6822A4721AD53AAF00DC4954 /* Left_Arrow.png in Resources */,
				6818D07019FE9B2600E70E15 /* PirateBlacksmith.jpeg in Resources */,
				6822A4731AD53AAF00DC4954 /* right_arrow.png in Resources */,
				6818D06D19FE9B2600E70E15 /* PirateTreasure.jpeg in Resources */,
				68EBD83D1AD6892D00A98174 /* actionButton.png in Resources */,
				6818D07119FE9B2600E70E15 /* PirateBoss.jpeg in Resources */,
				6822A4711AD53AAF00DC4954 /* down_arrow.png in Resources */,
				6818D07719FE9B2600E70E15 /* PirateStart.jpg in Resources */,
				6822A4741AD53AAF00DC4954 /* up_arrow.png in Resources */,
				6818D04319FE99CE00E70E15 /* Main.storyboard in Resources */,
				6818D06C19FE9B2600E70E15 /* PirateTreasurer2.jpeg in Resources */,
				6818D04819FE99CE00E70E15 /* LaunchScreen.xib in Resources */,
				6818D07519FE9B2600E70E15 /* PiratePlank.jpg in Resources */,
				6818D06E19FE9B2600E70E15 /* PirateWeapons.jpeg in Resources */,
				6818D07319FE9B2600E70E15 /* PirateOctopusAttack.jpg in Resources */,
				6818D07419FE9B2600E70E15 /* PirateParrot.jpg in Resources */,
				6818D07619FE9B2600E70E15 /* PirateShipBattle.jpeg in Resources */,
				6818D06F19FE9B2600E70E15 /* PirateAttack.jpg in Resources */,
				6818D07219FE9B2600E70E15 /* PirateFriendlyDock.jpg in Resources */,
				6818D04519FE99CE00E70E15 /* Images.xcassets in Resources */,
			);
			runOnlyForDeploymentPostprocessing = 0;
		};
		6818D04B19FE99CE00E70E15 /* Resources */ = {
			isa = PBXResourcesBuildPhase;
			buildActionMask = 2147483647;
			files = (
			);
			runOnlyForDeploymentPostprocessing = 0;
		};
/* End PBXResourcesBuildPhase section */

/* Begin PBXSourcesBuildPhase section */
		6818D03019FE99CE00E70E15 /* Sources */ = {
			isa = PBXSourcesBuildPhase;
			buildActionMask = 2147483647;
			files = (
				68EBD8321AD59C8800A98174 /* Weapon.m in Sources */,
				6818D04019FE99CE00E70E15 /* ViewController.m in Sources */,
				6818D03D19FE99CE00E70E15 /* AppDelegate.m in Sources */,
				68EBD8351AD59D5F00A98174 /* Armor.m in Sources */,
				6818D03A19FE99CE00E70E15 /* main.m in Sources */,
				6818D05F19FE9A3700E70E15 /* Tile.m in Sources */,
				68EBD8401AD7DBB700A98174 /* Boss.m in Sources */,
				6818D07A1A003A9000E70E15 /* Factory.m in Sources */,
				68EBD82F1AD59B8C00A98174 /* Character.m in Sources */,
			);
			runOnlyForDeploymentPostprocessing = 0;
		};
		6818D04919FE99CE00E70E15 /* Sources */ = {
			isa = PBXSourcesBuildPhase;
			buildActionMask = 2147483647;
			files = (
				6818D05419FE99CE00E70E15 /* Pirate_AdventuresTests.m in Sources */,
			);
			runOnlyForDeploymentPostprocessing = 0;
		};
/* End PBXSourcesBuildPhase section */

/* Begin PBXTargetDependency section */
		6818D04F19FE99CE00E70E15 /* PBXTargetDependency */ = {
			isa = PBXTargetDependency;
			target = 6818D03319FE99CE00E70E15 /* Pirate Adventures */;
			targetProxy = 6818D04E19FE99CE00E70E15 /* PBXContainerItemProxy */;
		};
/* End PBXTargetDependency section */

/* Begin PBXVariantGroup section */
		6818D04119FE99CE00E70E15 /* Main.storyboard */ = {
			isa = PBXVariantGroup;
			children = (
				6818D04219FE99CE00E70E15 /* Base */,
			);
			name = Main.storyboard;
			sourceTree = "<group>";
		};
		6818D04619FE99CE00E70E15 /* LaunchScreen.xib */ = {
			isa = PBXVariantGroup;
			children = (
				6818D04719FE99CE00E70E15 /* Base */,
			);
			name = LaunchScreen.xib;
			sourceTree = "<group>";
		};
/* End PBXVariantGroup section */

/* Begin XCBuildConfiguration section */
		6818D05519FE99CE00E70E15 /* Debug */ = {
			isa = XCBuildConfiguration;
			buildSettings = {
				ALWAYS_SEARCH_USER_PATHS = NO;
				CLANG_CXX_LANGUAGE_STANDARD = "gnu++0x";
				CLANG_CXX_LIBRARY = "libc++";
				CLANG_ENABLE_MODULES = YES;
				CLANG_ENABLE_OBJC_ARC = YES;
				CLANG_WARN_BOOL_CONVERSION = YES;
				CLANG_WARN_CONSTANT_CONVERSION = YES;
				CLANG_WARN_DIRECT_OBJC_ISA_USAGE = YES_ERROR;
				CLANG_WARN_EMPTY_BODY = YES;
				CLANG_WARN_ENUM_CONVERSION = YES;
				CLANG_WARN_INT_CONVERSION = YES;
				CLANG_WARN_OBJC_ROOT_CLASS = YES_ERROR;
				CLANG_WARN_UNREACHABLE_CODE = YES;
				CLANG_WARN__DUPLICATE_METHOD_MATCH = YES;
				"CODE_SIGN_IDENTITY[sdk=iphoneos*]" = "iPhone Developer";
				COPY_PHASE_STRIP = NO;
				ENABLE_STRICT_OBJC_MSGSEND = YES;
				GCC_C_LANGUAGE_STANDARD = gnu99;
				GCC_DYNAMIC_NO_PIC = NO;
				GCC_OPTIMIZATION_LEVEL = 0;
				GCC_PREPROCESSOR_DEFINITIONS = (
					"DEBUG=1",
					"$(inherited)",
				);
				GCC_SYMBOLS_PRIVATE_EXTERN = NO;
				GCC_WARN_64_TO_32_BIT_CONVERSION = YES;
				GCC_WARN_ABOUT_RETURN_TYPE = YES_ERROR;
				GCC_WARN_UNDECLARED_SELECTOR = YES;
				GCC_WARN_UNINITIALIZED_AUTOS = YES_AGGRESSIVE;
				GCC_WARN_UNUSED_FUNCTION = YES;
				GCC_WARN_UNUSED_VARIABLE = YES;
				IPHONEOS_DEPLOYMENT_TARGET = 8.1;
				MTL_ENABLE_DEBUG_INFO = YES;
				ONLY_ACTIVE_ARCH = YES;
				SDKROOT = iphoneos;
			};
			name = Debug;
		};
		6818D05619FE99CE00E70E15 /* Release */ = {
			isa = XCBuildConfiguration;
			buildSettings = {
				ALWAYS_SEARCH_USER_PATHS = NO;
				CLANG_CXX_LANGUAGE_STANDARD = "gnu++0x";
				CLANG_CXX_LIBRARY = "libc++";
				CLANG_ENABLE_MODULES = YES;
				CLANG_ENABLE_OBJC_ARC = YES;
				CLANG_WARN_BOOL_CONVERSION = YES;
				CLANG_WARN_CONSTANT_CONVERSION = YES;
				CLANG_WARN_DIRECT_OBJC_ISA_USAGE = YES_ERROR;
				CLANG_WARN_EMPTY_BODY = YES;
				CLANG_WARN_ENUM_CONVERSION = YES;
				CLANG_WARN_INT_CONVERSION = YES;
				CLANG_WARN_OBJC_ROOT_CLASS = YES_ERROR;
				CLANG_WARN_UNREACHABLE_CODE = YES;
				CLANG_WARN__DUPLICATE_METHOD_MATCH = YES;
				"CODE_SIGN_IDENTITY[sdk=iphoneos*]" = "iPhone Developer";
				COPY_PHASE_STRIP = YES;
				ENABLE_NS_ASSERTIONS = NO;
				ENABLE_STRICT_OBJC_MSGSEND = YES;
				GCC_C_LANGUAGE_STANDARD = gnu99;
				GCC_WARN_64_TO_32_BIT_CONVERSION = YES;
				GCC_WARN_ABOUT_RETURN_TYPE = YES_ERROR;
				GCC_WARN_UNDECLARED_SELECTOR = YES;
				GCC_WARN_UNINITIALIZED_AUTOS = YES_AGGRESSIVE;
				GCC_WARN_UNUSED_FUNCTION = YES;
				GCC_WARN_UNUSED_VARIABLE = YES;
				IPHONEOS_DEPLOYMENT_TARGET = 8.1;
				MTL_ENABLE_DEBUG_INFO = NO;
				SDKROOT = iphoneos;
				VALIDATE_PRODUCT = YES;
			};
			name = Release;
		};
		6818D05819FE99CE00E70E15 /* Debug */ = {
			isa = XCBuildConfiguration;
			buildSettings = {
				ASSETCATALOG_COMPILER_APPICON_NAME = AppIcon;
				INFOPLIST_FILE = "Pirate Adventures/Info.plist";
				IPHONEOS_DEPLOYMENT_TARGET = 7.0;
				LD_RUNPATH_SEARCH_PATHS = "$(inherited) @executable_path/Frameworks";
				PRODUCT_NAME = "$(TARGET_NAME)";
				TARGETED_DEVICE_FAMILY = 1;
			};
			name = Debug;
		};
		6818D05919FE99CE00E70E15 /* Release */ = {
			isa = XCBuildConfiguration;
			buildSettings = {
				ASSETCATALOG_COMPILER_APPICON_NAME = AppIcon;
				INFOPLIST_FILE = "Pirate Adventures/Info.plist";
				IPHONEOS_DEPLOYMENT_TARGET = 7.0;
				LD_RUNPATH_SEARCH_PATHS = "$(inherited) @executable_path/Frameworks";
				PRODUCT_NAME = "$(TARGET_NAME)";
				TARGETED_DEVICE_FAMILY = 1;
			};
			name = Release;
		};
		6818D05B19FE99CE00E70E15 /* Debug */ = {
			isa = XCBuildConfiguration;
			buildSettings = {
				BUNDLE_LOADER = "$(TEST_HOST)";
				FRAMEWORK_SEARCH_PATHS = (
					"$(SDKROOT)/Developer/Library/Frameworks",
					"$(inherited)",
				);
				GCC_PREPROCESSOR_DEFINITIONS = (
					"DEBUG=1",
					"$(inherited)",
				);
				INFOPLIST_FILE = "Pirate AdventuresTests/Info.plist";
				LD_RUNPATH_SEARCH_PATHS = "$(inherited) @executable_path/Frameworks @loader_path/Frameworks";
				PRODUCT_NAME = "$(TARGET_NAME)";
				TEST_HOST = "$(BUILT_PRODUCTS_DIR)/Pirate Adventures.app/Pirate Adventures";
			};
			name = Debug;
		};
		6818D05C19FE99CE00E70E15 /* Release */ = {
			isa = XCBuildConfiguration;
			buildSettings = {
				BUNDLE_LOADER = "$(TEST_HOST)";
				FRAMEWORK_SEARCH_PATHS = (
					"$(SDKROOT)/Developer/Library/Frameworks",
					"$(inherited)",
				);
				INFOPLIST_FILE = "Pirate AdventuresTests/Info.plist";
				LD_RUNPATH_SEARCH_PATHS = "$(inherited) @executable_path/Frameworks @loader_path/Frameworks";
				PRODUCT_NAME = "$(TARGET_NAME)";
				TEST_HOST = "$(BUILT_PRODUCTS_DIR)/Pirate Adventures.app/Pirate Adventures";
			};
			name = Release;
		};
/* End XCBuildConfiguration section */

/* Begin XCConfigurationList section */
		6818D02F19FE99CE00E70E15 /* Build configuration list for PBXProject "Pirate Adventures" */ = {
			isa = XCConfigurationList;
			buildConfigurations = (
				6818D05519FE99CE00E70E15 /* Debug */,
				6818D05619FE99CE00E70E15 /* Release */,
			);
			defaultConfigurationIsVisible = 0;
			defaultConfigurationName = Release;
		};
		6818D05719FE99CE00E70E15 /* Build configuration list for PBXNativeTarget "Pirate Adventures" */ = {
			isa = XCConfigurationList;
			buildConfigurations = (
				6818D05819FE99CE00E70E15 /* Debug */,
				6818D05919FE99CE00E70E15 /* Release */,
			);
			defaultConfigurationIsVisible = 0;
			defaultConfigurationName = Release;
		};
		6818D05A19FE99CE00E70E15 /* Build configuration list for PBXNativeTarget "Pirate AdventuresTests" */ = {
			isa = XCConfigurationList;
			buildConfigurations = (
				6818D05B19FE99CE00E70E15 /* Debug */,
				6818D05C19FE99CE00E70E15 /* Release */,
			);
			defaultConfigurationIsVisible = 0;
			defaultConfigurationName = Release;
		};
/* End XCConfigurationList section */
	};
	rootObject = 6818D02C19FE99CE00E70E15 /* Project object */;
}
